
Microsoft Visual Studio Solution File, Format Version 12.00
# Visual Studio 15
VisualStudioVersion = 15.0.26124.0
MinimumVisualStudioVersion = 15.0.26124.0
Project("{2150E333-8FDC-42A3-9474-1A3956D46DE8}") = "src", "src", "{C76F9B02-7770-4472-908A-464DA20B926C}"
EndProject
Project("{FAE04EC0-301F-11D3-BF4B-00C04F79EFBC}") = "RecursiveDataAnnotationsValidation", "src\RecursiveDataAnnotationsValidation\RecursiveDataAnnotationsValidation.csproj", "{46ED500F-D954-44AA-A954-5CB19BE826BF}"
EndProject
Project("{2150E333-8FDC-42A3-9474-1A3956D46DE8}") = "test", "test", "{BC73618A-E8A0-423E-ACD3-035F41ABA8CF}"
EndProject
Project("{FAE04EC0-301F-11D3-BF4B-00C04F79EFBC}") = "RecursiveDataAnnotationsValidation.Tests", "test\RecursiveDataAnnotationsValidation.Tests\RecursiveDataAnnotationsValidation.Tests.csproj", "{16880471-6ABA-4662-AD7F-CE13F4C0406B}"
EndProject
Project("{2150E333-8FDC-42A3-9474-1A3956D46DE8}") = "examples", "examples", "{3C77C185-A671-4F75-AE4F-B31E6B3F86C2}"
EndProject
Project("{FAE04EC0-301F-11D3-BF4B-00C04F79EFBC}") = "OptionsPatternMvc.Example", "examples\OptionsPatternMvc.Example\OptionsPatternMvc.Example.csproj", "{44EAF2F4-79FC-4F4A-9FB2-B7EC687AD01A}"
EndProject
Project("{2150E333-8FDC-42A3-9474-1A3956D46DE8}") = "benchmark", "benchmark", "{915ACCB0-876D-4B1C-9B73-7E9617D8B938}"
EndProject
Project("{FAE04EC0-301F-11D3-BF4B-00C04F79EFBC}") = "Benchmark", "benchmark\Benchmark\Benchmark.csproj", "{8E426092-EC8C-4779-981E-9ECC1160D350}"
EndProject
Global
	GlobalSection(SolutionConfigurationPlatforms) = preSolution
		Debug|Any CPU = Debug|Any CPU
		Debug|x64 = Debug|x64
		Debug|x86 = Debug|x86
		Release|Any CPU = Release|Any CPU
		Release|x64 = Release|x64
		Release|x86 = Release|x86
	EndGlobalSection
	GlobalSection(SolutionProperties) = preSolution
		HideSolutionNode = FALSE
	EndGlobalSection
	GlobalSection(ProjectConfigurationPlatforms) = postSolution
		{46ED500F-D954-44AA-A954-5CB19BE826BF}.Debug|Any CPU.ActiveCfg = Debug|Any CPU
		{46ED500F-D954-44AA-A954-5CB19BE826BF}.Debug|Any CPU.Build.0 = Debug|Any CPU
		{46ED500F-D954-44AA-A954-5CB19BE826BF}.Debug|x64.ActiveCfg = Debug|Any CPU
		{46ED500F-D954-44AA-A954-5CB19BE826BF}.Debug|x64.Build.0 = Debug|Any CPU
		{46ED500F-D954-44AA-A954-5CB19BE826BF}.Debug|x86.ActiveCfg = Debug|Any CPU
		{46ED500F-D954-44AA-A954-5CB19BE826BF}.Debug|x86.Build.0 = Debug|Any CPU
		{46ED500F-D954-44AA-A954-5CB19BE826BF}.Release|Any CPU.ActiveCfg = Release|Any CPU
		{46ED500F-D954-44AA-A954-5CB19BE826BF}.Release|Any CPU.Build.0 = Release|Any CPU
		{46ED500F-D954-44AA-A954-5CB19BE826BF}.Release|x64.ActiveCfg = Release|Any CPU
		{46ED500F-D954-44AA-A954-5CB19BE826BF}.Release|x64.Build.0 = Release|Any CPU
		{46ED500F-D954-44AA-A954-5CB19BE826BF}.Release|x86.ActiveCfg = Release|Any CPU
		{46ED500F-D954-44AA-A954-5CB19BE826BF}.Release|x86.Build.0 = Release|Any CPU
		{16880471-6ABA-4662-AD7F-CE13F4C0406B}.Debug|Any CPU.ActiveCfg = Debug|Any CPU
		{16880471-6ABA-4662-AD7F-CE13F4C0406B}.Debug|Any CPU.Build.0 = Debug|Any CPU
		{16880471-6ABA-4662-AD7F-CE13F4C0406B}.Debug|x64.ActiveCfg = Debug|Any CPU
		{16880471-6ABA-4662-AD7F-CE13F4C0406B}.Debug|x64.Build.0 = Debug|Any CPU
		{16880471-6ABA-4662-AD7F-CE13F4C0406B}.Debug|x86.ActiveCfg = Debug|Any CPU
		{16880471-6ABA-4662-AD7F-CE13F4C0406B}.Debug|x86.Build.0 = Debug|Any CPU
		{16880471-6ABA-4662-AD7F-CE13F4C0406B}.Release|Any CPU.ActiveCfg = Release|Any CPU
		{16880471-6ABA-4662-AD7F-CE13F4C0406B}.Release|Any CPU.Build.0 = Release|Any CPU
		{16880471-6ABA-4662-AD7F-CE13F4C0406B}.Release|x64.ActiveCfg = Release|Any CPU
		{16880471-6ABA-4662-AD7F-CE13F4C0406B}.Release|x64.Build.0 = Release|Any CPU
		{16880471-6ABA-4662-AD7F-CE13F4C0406B}.Release|x86.ActiveCfg = Release|Any CPU
		{16880471-6ABA-4662-AD7F-CE13F4C0406B}.Release|x86.Build.0 = Release|Any CPU
		{44EAF2F4-79FC-4F4A-9FB2-B7EC687AD01A}.Debug|Any CPU.ActiveCfg = Debug|Any CPU
		{44EAF2F4-79FC-4F4A-9FB2-B7EC687AD01A}.Debug|Any CPU.Build.0 = Debug|Any CPU
		{44EAF2F4-79FC-4F4A-9FB2-B7EC687AD01A}.Debug|x64.ActiveCfg = Debug|Any CPU
		{44EAF2F4-79FC-4F4A-9FB2-B7EC687AD01A}.Debug|x64.Build.0 = Debug|Any CPU
		{44EAF2F4-79FC-4F4A-9FB2-B7EC687AD01A}.Debug|x86.ActiveCfg = Debug|Any CPU
		{44EAF2F4-79FC-4F4A-9FB2-B7EC687AD01A}.Debug|x86.Build.0 = Debug|Any CPU
		{44EAF2F4-79FC-4F4A-9FB2-B7EC687AD01A}.Release|Any CPU.ActiveCfg = Release|Any CPU
		{44EAF2F4-79FC-4F4A-9FB2-B7EC687AD01A}.Release|Any CPU.Build.0 = Release|Any CPU
		{44EAF2F4-79FC-4F4A-9FB2-B7EC687AD01A}.Release|x64.ActiveCfg = Release|Any CPU
		{44EAF2F4-79FC-4F4A-9FB2-B7EC687AD01A}.Release|x64.Build.0 = Release|Any CPU
		{44EAF2F4-79FC-4F4A-9FB2-B7EC687AD01A}.Release|x86.ActiveCfg = Release|Any CPU
		{44EAF2F4-79FC-4F4A-9FB2-B7EC687AD01A}.Release|x86.Build.0 = Release|Any CPU
		{8E426092-EC8C-4779-981E-9ECC1160D350}.Debug|Any CPU.ActiveCfg = Debug|Any CPU
		{8E426092-EC8C-4779-981E-9ECC1160D350}.Debug|Any CPU.Build.0 = Debug|Any CPU
		{8E426092-EC8C-4779-981E-9ECC1160D350}.Debug|x64.ActiveCfg = Debug|Any CPU
		{8E426092-EC8C-4779-981E-9ECC1160D350}.Debug|x64.Build.0 = Debug|Any CPU
		{8E426092-EC8C-4779-981E-9ECC1160D350}.Debug|x86.ActiveCfg = Debug|Any CPU
		{8E426092-EC8C-4779-981E-9ECC1160D350}.Debug|x86.Build.0 = Debug|Any CPU
		{8E426092-EC8C-4779-981E-9ECC1160D350}.Release|Any CPU.ActiveCfg = Release|Any CPU
		{8E426092-EC8C-4779-981E-9ECC1160D350}.Release|Any CPU.Build.0 = Release|Any CPU
		{8E426092-EC8C-4779-981E-9ECC1160D350}.Release|x64.ActiveCfg = Release|Any CPU
		{8E426092-EC8C-4779-981E-9ECC1160D350}.Release|x64.Build.0 = Release|Any CPU
		{8E426092-EC8C-4779-981E-9ECC1160D350}.Release|x86.ActiveCfg = Release|Any CPU
		{8E426092-EC8C-4779-981E-9ECC1160D350}.Release|x86.Build.0 = Release|Any CPU
	EndGlobalSection
	GlobalSection(NestedProjects) = preSolution
		{46ED500F-D954-44AA-A954-5CB19BE826BF} = {C76F9B02-7770-4472-908A-464DA20B926C}
		{16880471-6ABA-4662-AD7F-CE13F4C0406B} = {BC73618A-E8A0-423E-ACD3-035F41ABA8CF}
		{44EAF2F4-79FC-4F4A-9FB2-B7EC687AD01A} = {3C77C185-A671-4F75-AE4F-B31E6B3F86C2}
		{8E426092-EC8C-4779-981E-9ECC1160D350} = {915ACCB0-876D-4B1C-9B73-7E9617D8B938}
	EndGlobalSection
EndGlobal
